
Microsoft Visual Studio Solution File, Format Version 12.00
# Visual Studio Version 17
VisualStudioVersion = 17.9.34728.123
MinimumVisualStudioVersion = 10.0.40219.1
Project("{FAE04EC0-301F-11D3-BF4B-00C04F79EFBC}") = "gRPC_AspNetCore", "gRPC_AspNetCore\gRPC_AspNetCore.csproj", "{FBC141A5-A545-40BD-A156-7F0A2E85B0DC}"
EndProject
Global
	GlobalSection(SolutionConfigurationPlatforms) = preSolution
		Debug|Any CPU = Debug|Any CPU
		Release|Any CPU = Release|Any CPU
	EndGlobalSection
	GlobalSection(ProjectConfigurationPlatforms) = postSolution
		{FBC141A5-A545-40BD-A156-7F0A2E85B0DC}.Debug|Any CPU.ActiveCfg = Debug|Any CPU
		{FBC141A5-A545-40BD-A156-7F0A2E85B0DC}.Debug|Any CPU.Build.0 = Debug|Any CPU
		{FBC141A5-A545-40BD-A156-7F0A2E85B0DC}.Release|Any CPU.ActiveCfg = Release|Any CPU
		{FBC141A5-A545-40BD-A156-7F0A2E85B0DC}.Release|Any CPU.Build.0 = Release|Any CPU
	EndGlobalSection
	GlobalSection(SolutionProperties) = preSolution
		HideSolutionNode = FALSE
	EndGlobalSection
	GlobalSection(ExtensibilityGlobals) = postSolution
		SolutionGuid = {8919A905-F779-411B-BC76-9232B2FC0F33}
	EndGlobalSection
EndGlobal
